// !$*UTF8*$!
{
	archiveVersion = 1;
	classes = {
	};
	objectVersion = 77;
	objects = {

/* Begin PBXBuildFile section */
		8E3DFB152E9C02A8003D8145 /* Quote.swift in Sources */ = {isa = PBXBuildFile; fileRef = 8E3DFB142E9C02A8003D8145 /* Quote.swift */; };
		8E3DFB162E9C02E2003D8145 /* Quote.swift in Sources */ = {isa = PBXBuildFile; fileRef = 8E3DFB142E9C02A8003D8145 /* Quote.swift */; };
		8E3DFB252E9C5633003D8145 /* Sources.swift in Sources */ = {isa = PBXBuildFile; fileRef = 8E3DFB242E9C5626003D8145 /* Sources.swift */; };
		8E3DFB262E9C5633003D8145 /* Sources.swift in Sources */ = {isa = PBXBuildFile; fileRef = 8E3DFB242E9C5626003D8145 /* Sources.swift */; };
		8E3DFB282E9C565E003D8145 /* QuoteParser.swift in Sources */ = {isa = PBXBuildFile; fileRef = 8E3DFB272E9C5658003D8145 /* QuoteParser.swift */; };
		8E3DFB292E9C565E003D8145 /* QuoteParser.swift in Sources */ = {isa = PBXBuildFile; fileRef = 8E3DFB272E9C5658003D8145 /* QuoteParser.swift */; };
		8E3DFB2B2E9C56B0003D8145 /* QuoteSelector.swift in Sources */ = {isa = PBXBuildFile; fileRef = 8E3DFB2A2E9C56AA003D8145 /* QuoteSelector.swift */; };
		8E3DFB2C2E9C56B0003D8145 /* QuoteSelector.swift in Sources */ = {isa = PBXBuildFile; fileRef = 8E3DFB2A2E9C56AA003D8145 /* QuoteSelector.swift */; };
		8E81D9AE2E931BD800C9EA96 /* WidgetKit.framework in Frameworks */ = {isa = PBXBuildFile; fileRef = 8E81D9AD2E931BD800C9EA96 /* WidgetKit.framework */; };
		8E81D9B02E931BD800C9EA96 /* SwiftUI.framework in Frameworks */ = {isa = PBXBuildFile; fileRef = 8E81D9AF2E931BD800C9EA96 /* SwiftUI.framework */; };
		8E81D9BB2E931BD900C9EA96 /* DailyQuoteWidgetExtensionExtension.appex in Embed Foundation Extensions */ = {isa = PBXBuildFile; fileRef = 8E81D9AB2E931BD800C9EA96 /* DailyQuoteWidgetExtensionExtension.appex */; settings = {ATTRIBUTES = (RemoveHeadersOnCopy, ); }; };
/* End PBXBuildFile section */

/* Begin PBXContainerItemProxy section */
		8E81D9B92E931BD900C9EA96 /* PBXContainerItemProxy */ = {
			isa = PBXContainerItemProxy;
			containerPortal = 8E81D9912E9316F200C9EA96 /* Project object */;
			proxyType = 1;
			remoteGlobalIDString = 8E81D9AA2E931BD800C9EA96;
			remoteInfo = DailyQuoteWidgetExtensionExtension;
		};
/* End PBXContainerItemProxy section */

/* Begin PBXCopyFilesBuildPhase section */
		8E81D9C02E931BD900C9EA96 /* Embed Foundation Extensions */ = {
			isa = PBXCopyFilesBuildPhase;
			buildActionMask = 2147483647;
			dstPath = "";
			dstSubfolderSpec = 13;
			files = (
				8E81D9BB2E931BD900C9EA96 /* DailyQuoteWidgetExtensionExtension.appex in Embed Foundation Extensions */,
			);
			name = "Embed Foundation Extensions";
			runOnlyForDeploymentPostprocessing = 0;
		};
/* End PBXCopyFilesBuildPhase section */

/* Begin PBXFileReference section */
		8E3DFB142E9C02A8003D8145 /* Quote.swift */ = {isa = PBXFileReference; lastKnownFileType = sourcecode.swift; path = Quote.swift; sourceTree = "<group>"; };
		8E3DFB242E9C5626003D8145 /* Sources.swift */ = {isa = PBXFileReference; lastKnownFileType = sourcecode.swift; path = Sources.swift; sourceTree = "<group>"; };
		8E3DFB272E9C5658003D8145 /* QuoteParser.swift */ = {isa = PBXFileReference; lastKnownFileType = sourcecode.swift; path = QuoteParser.swift; sourceTree = "<group>"; };
		8E3DFB2A2E9C56AA003D8145 /* QuoteSelector.swift */ = {isa = PBXFileReference; lastKnownFileType = sourcecode.swift; path = QuoteSelector.swift; sourceTree = "<group>"; };
		8E81D9992E9316F200C9EA96 /* DailyQuoteWidget.app */ = {isa = PBXFileReference; explicitFileType = wrapper.application; includeInIndex = 0; path = DailyQuoteWidget.app; sourceTree = BUILT_PRODUCTS_DIR; };
		8E81D9AB2E931BD800C9EA96 /* DailyQuoteWidgetExtensionExtension.appex */ = {isa = PBXFileReference; explicitFileType = "wrapper.app-extension"; includeInIndex = 0; path = DailyQuoteWidgetExtensionExtension.appex; sourceTree = BUILT_PRODUCTS_DIR; };
		8E81D9AD2E931BD800C9EA96 /* WidgetKit.framework */ = {isa = PBXFileReference; lastKnownFileType = wrapper.framework; name = WidgetKit.framework; path = System/Library/Frameworks/WidgetKit.framework; sourceTree = SDKROOT; };
		8E81D9AF2E931BD800C9EA96 /* SwiftUI.framework */ = {isa = PBXFileReference; lastKnownFileType = wrapper.framework; name = SwiftUI.framework; path = System/Library/Frameworks/SwiftUI.framework; sourceTree = SDKROOT; };
/* End PBXFileReference section */

/* Begin PBXFileSystemSynchronizedBuildFileExceptionSet section */
		8E81D9BC2E931BD900C9EA96 /* Exceptions for "DailyQuoteWidgetExtension" folder in "DailyQuoteWidgetExtensionExtension" target */ = {
			isa = PBXFileSystemSynchronizedBuildFileExceptionSet;
			membershipExceptions = (
				Info.plist,
			);
			target = 8E81D9AA2E931BD800C9EA96 /* DailyQuoteWidgetExtensionExtension */;
		};
/* End PBXFileSystemSynchronizedBuildFileExceptionSet section */

/* Begin PBXFileSystemSynchronizedRootGroup section */
		8E3DFB1B2E9C51E3003D8145 /* Data */ = {
			isa = PBXFileSystemSynchronizedRootGroup;
			path = Data;
			sourceTree = "<group>";
		};
		8E3DFB4F2E9DA34E003D8145 /* Views */ = {
			isa = PBXFileSystemSynchronizedRootGroup;
			path = Views;
			sourceTree = "<group>";
		};
		8E81D99B2E9316F200C9EA96 /* DailyQuoteWidget */ = {
			isa = PBXFileSystemSynchronizedRootGroup;
			path = DailyQuoteWidget;
			sourceTree = "<group>";
		};
		8E81D9B12E931BD800C9EA96 /* DailyQuoteWidgetExtension */ = {
			isa = PBXFileSystemSynchronizedRootGroup;
			exceptions = (
				8E81D9BC2E931BD900C9EA96 /* Exceptions for "DailyQuoteWidgetExtension" folder in "DailyQuoteWidgetExtensionExtension" target */,
			);
			path = DailyQuoteWidgetExtension;
			sourceTree = "<group>";
		};
/* End PBXFileSystemSynchronizedRootGroup section */

/* Begin PBXFrameworksBuildPhase section */
		8E81D9962E9316F200C9EA96 /* Frameworks */ = {
			isa = PBXFrameworksBuildPhase;
			buildActionMask = 2147483647;
			files = (
			);
			runOnlyForDeploymentPostprocessing = 0;
		};
		8E81D9A82E931BD800C9EA96 /* Frameworks */ = {
			isa = PBXFrameworksBuildPhase;
			buildActionMask = 2147483647;
			files = (
				8E81D9B02E931BD800C9EA96 /* SwiftUI.framework in Frameworks */,
				8E81D9AE2E931BD800C9EA96 /* WidgetKit.framework in Frameworks */,
			);
			runOnlyForDeploymentPostprocessing = 0;
		};
/* End PBXFrameworksBuildPhase section */

/* Begin PBXGroup section */
		8E81D9902E9316F200C9EA96 = {
			isa = PBXGroup;
			children = (
				8E3DFB4F2E9DA34E003D8145 /* Views */,
				8E3DFB2A2E9C56AA003D8145 /* QuoteSelector.swift */,
				8E3DFB272E9C5658003D8145 /* QuoteParser.swift */,
				8E3DFB242E9C5626003D8145 /* Sources.swift */,
				8E3DFB1B2E9C51E3003D8145 /* Data */,
				8E3DFB142E9C02A8003D8145 /* Quote.swift */,
				8E81D99B2E9316F200C9EA96 /* DailyQuoteWidget */,
				8E81D9B12E931BD800C9EA96 /* DailyQuoteWidgetExtension */,
				8E81D9AC2E931BD800C9EA96 /* Frameworks */,
				8E81D99A2E9316F200C9EA96 /* Products */,
			);
			sourceTree = "<group>";
		};
		8E81D99A2E9316F200C9EA96 /* Products */ = {
			isa = PBXGroup;
			children = (
				8E81D9992E9316F200C9EA96 /* DailyQuoteWidget.app */,
				8E81D9AB2E931BD800C9EA96 /* DailyQuoteWidgetExtensionExtension.appex */,
			);
			name = Products;
			sourceTree = "<group>";
		};
		8E81D9AC2E931BD800C9EA96 /* Frameworks */ = {
			isa = PBXGroup;
			children = (
				8E81D9AD2E931BD800C9EA96 /* WidgetKit.framework */,
				8E81D9AF2E931BD800C9EA96 /* SwiftUI.framework */,
			);
			name = Frameworks;
			sourceTree = "<group>";
		};
/* End PBXGroup section */

/* Begin PBXNativeTarget section */
		8E81D9982E9316F200C9EA96 /* DailyQuoteWidget */ = {
			isa = PBXNativeTarget;
			buildConfigurationList = 8E81D9A42E9316F300C9EA96 /* Build configuration list for PBXNativeTarget "DailyQuoteWidget" */;
			buildPhases = (
				8E81D9952E9316F200C9EA96 /* Sources */,
				8E81D9962E9316F200C9EA96 /* Frameworks */,
				8E81D9972E9316F200C9EA96 /* Resources */,
				8E81D9C02E931BD900C9EA96 /* Embed Foundation Extensions */,
			);
			buildRules = (
			);
			dependencies = (
				8E81D9BA2E931BD900C9EA96 /* PBXTargetDependency */,
			);
			fileSystemSynchronizedGroups = (
				8E3DFB1B2E9C51E3003D8145 /* Data */,
				8E3DFB4F2E9DA34E003D8145 /* Views */,
				8E81D99B2E9316F200C9EA96 /* DailyQuoteWidget */,
			);
			name = DailyQuoteWidget;
			packageProductDependencies = (
			);
			productName = DailyQuoteWidget;
			productReference = 8E81D9992E9316F200C9EA96 /* DailyQuoteWidget.app */;
			productType = "com.apple.product-type.application";
		};
		8E81D9AA2E931BD800C9EA96 /* DailyQuoteWidgetExtensionExtension */ = {
			isa = PBXNativeTarget;
			buildConfigurationList = 8E81D9BD2E931BD900C9EA96 /* Build configuration list for PBXNativeTarget "DailyQuoteWidgetExtensionExtension" */;
			buildPhases = (
				8E81D9A72E931BD800C9EA96 /* Sources */,
				8E81D9A82E931BD800C9EA96 /* Frameworks */,
				8E81D9A92E931BD800C9EA96 /* Resources */,
			);
			buildRules = (
			);
			dependencies = (
			);
			fileSystemSynchronizedGroups = (
				8E3DFB1B2E9C51E3003D8145 /* Data */,
				8E3DFB4F2E9DA34E003D8145 /* Views */,
				8E81D9B12E931BD800C9EA96 /* DailyQuoteWidgetExtension */,
			);
			name = DailyQuoteWidgetExtensionExtension;
			packageProductDependencies = (
			);
			productName = DailyQuoteWidgetExtensionExtension;
			productReference = 8E81D9AB2E931BD800C9EA96 /* DailyQuoteWidgetExtensionExtension.appex */;
			productType = "com.apple.product-type.app-extension";
		};
/* End PBXNativeTarget section */

/* Begin PBXProject section */
		8E81D9912E9316F200C9EA96 /* Project object */ = {
			isa = PBXProject;
			attributes = {
				BuildIndependentTargetsInParallel = 1;
				LastSwiftUpdateCheck = 2600;
				LastUpgradeCheck = 2600;
				TargetAttributes = {
					8E81D9982E9316F200C9EA96 = {
						CreatedOnToolsVersion = 26.0.1;
					};
					8E81D9AA2E931BD800C9EA96 = {
						CreatedOnToolsVersion = 26.0.1;
					};
				};
			};
			buildConfigurationList = 8E81D9942E9316F200C9EA96 /* Build configuration list for PBXProject "DailyQuoteWidget" */;
			developmentRegion = en;
			hasScannedForEncodings = 0;
			knownRegions = (
				en,
				Base,
			);
			mainGroup = 8E81D9902E9316F200C9EA96;
			minimizedProjectReferenceProxies = 1;
			preferredProjectObjectVersion = 77;
			productRefGroup = 8E81D99A2E9316F200C9EA96 /* Products */;
			projectDirPath = "";
			projectRoot = "";
			targets = (
				8E81D9982E9316F200C9EA96 /* DailyQuoteWidget */,
				8E81D9AA2E931BD800C9EA96 /* DailyQuoteWidgetExtensionExtension */,
			);
		};
/* End PBXProject section */

/* Begin PBXResourcesBuildPhase section */
		8E81D9972E9316F200C9EA96 /* Resources */ = {
			isa = PBXResourcesBuildPhase;
			buildActionMask = 2147483647;
			files = (
			);
			runOnlyForDeploymentPostprocessing = 0;
		};
		8E81D9A92E931BD800C9EA96 /* Resources */ = {
			isa = PBXResourcesBuildPhase;
			buildActionMask = 2147483647;
			files = (
			);
			runOnlyForDeploymentPostprocessing = 0;
		};
/* End PBXResourcesBuildPhase section */

/* Begin PBXSourcesBuildPhase section */
		8E81D9952E9316F200C9EA96 /* Sources */ = {
			isa = PBXSourcesBuildPhase;
			buildActionMask = 2147483647;
			files = (
				8E3DFB262E9C5633003D8145 /* Sources.swift in Sources */,
				8E3DFB152E9C02A8003D8145 /* Quote.swift in Sources */,
				8E3DFB2C2E9C56B0003D8145 /* QuoteSelector.swift in Sources */,
				8E3DFB292E9C565E003D8145 /* QuoteParser.swift in Sources */,
			);
			runOnlyForDeploymentPostprocessing = 0;
		};
		8E81D9A72E931BD800C9EA96 /* Sources */ = {
			isa = PBXSourcesBuildPhase;
			buildActionMask = 2147483647;
			files = (
				8E3DFB252E9C5633003D8145 /* Sources.swift in Sources */,
				8E3DFB162E9C02E2003D8145 /* Quote.swift in Sources */,
				8E3DFB2B2E9C56B0003D8145 /* QuoteSelector.swift in Sources */,
				8E3DFB282E9C565E003D8145 /* QuoteParser.swift in Sources */,
			);
			runOnlyForDeploymentPostprocessing = 0;
		};
/* End PBXSourcesBuildPhase section */

/* Begin PBXTargetDependency section */
		8E81D9BA2E931BD900C9EA96 /* PBXTargetDependency */ = {
			isa = PBXTargetDependency;
			target = 8E81D9AA2E931BD800C9EA96 /* DailyQuoteWidgetExtensionExtension */;
			targetProxy = 8E81D9B92E931BD900C9EA96 /* PBXContainerItemProxy */;
		};
/* End PBXTargetDependency section */

/* Begin XCBuildConfiguration section */
		8E81D9A22E9316F300C9EA96 /* Debug */ = {
			isa = XCBuildConfiguration;
			buildSettings = {
				ALWAYS_SEARCH_USER_PATHS = NO;
				ASSETCATALOG_COMPILER_GENERATE_SWIFT_ASSET_SYMBOL_EXTENSIONS = YES;
				CLANG_ANALYZER_NONNULL = YES;
				CLANG_ANALYZER_NUMBER_OBJECT_CONVERSION = YES_AGGRESSIVE;
				CLANG_CXX_LANGUAGE_STANDARD = "gnu++20";
				CLANG_ENABLE_MODULES = YES;
				CLANG_ENABLE_OBJC_ARC = YES;
				CLANG_ENABLE_OBJC_WEAK = YES;
				CLANG_WARN_BLOCK_CAPTURE_AUTORELEASING = YES;
				CLANG_WARN_BOOL_CONVERSION = YES;
				CLANG_WARN_COMMA = YES;
				CLANG_WARN_CONSTANT_CONVERSION = YES;
				CLANG_WARN_DEPRECATED_OBJC_IMPLEMENTATIONS = YES;
				CLANG_WARN_DIRECT_OBJC_ISA_USAGE = YES_ERROR;
				CLANG_WARN_DOCUMENTATION_COMMENTS = YES;
				CLANG_WARN_EMPTY_BODY = YES;
				CLANG_WARN_ENUM_CONVERSION = YES;
				CLANG_WARN_INFINITE_RECURSION = YES;
				CLANG_WARN_INT_CONVERSION = YES;
				CLANG_WARN_NON_LITERAL_NULL_CONVERSION = YES;
				CLANG_WARN_OBJC_IMPLICIT_RETAIN_SELF = YES;
				CLANG_WARN_OBJC_LITERAL_CONVERSION = YES;
				CLANG_WARN_OBJC_ROOT_CLASS = YES_ERROR;
				CLANG_WARN_QUOTED_INCLUDE_IN_FRAMEWORK_HEADER = YES;
				CLANG_WARN_RANGE_LOOP_ANALYSIS = YES;
				CLANG_WARN_STRICT_PROTOTYPES = YES;
				CLANG_WARN_SUSPICIOUS_MOVE = YES;
				CLANG_WARN_UNGUARDED_AVAILABILITY = YES_AGGRESSIVE;
				CLANG_WARN_UNREACHABLE_CODE = YES;
				CLANG_WARN__DUPLICATE_METHOD_MATCH = YES;
				COPY_PHASE_STRIP = NO;
				DEBUG_INFORMATION_FORMAT = dwarf;
				DEVELOPMENT_TEAM = 4SBQWPK44M;
				ENABLE_STRICT_OBJC_MSGSEND = YES;
				ENABLE_TESTABILITY = YES;
				ENABLE_USER_SCRIPT_SANDBOXING = YES;
				GCC_C_LANGUAGE_STANDARD = gnu17;
				GCC_DYNAMIC_NO_PIC = NO;
				GCC_NO_COMMON_BLOCKS = YES;
				GCC_OPTIMIZATION_LEVEL = 0;
				GCC_PREPROCESSOR_DEFINITIONS = (
					"DEBUG=1",
					"$(inherited)",
				);
				GCC_WARN_64_TO_32_BIT_CONVERSION = YES;
				GCC_WARN_ABOUT_RETURN_TYPE = YES_ERROR;
				GCC_WARN_UNDECLARED_SELECTOR = YES;
				GCC_WARN_UNINITIALIZED_AUTOS = YES_AGGRESSIVE;
				GCC_WARN_UNUSED_FUNCTION = YES;
				GCC_WARN_UNUSED_VARIABLE = YES;
				LOCALIZATION_PREFERS_STRING_CATALOGS = YES;
				MTL_ENABLE_DEBUG_INFO = INCLUDE_SOURCE;
				MTL_FAST_MATH = YES;
				ONLY_ACTIVE_ARCH = YES;
				SWIFT_ACTIVE_COMPILATION_CONDITIONS = "DEBUG $(inherited)";
				SWIFT_OPTIMIZATION_LEVEL = "-Onone";
			};
			name = Debug;
		};
		8E81D9A32E9316F300C9EA96 /* Release */ = {
			isa = XCBuildConfiguration;
			buildSettings = {
				ALWAYS_SEARCH_USER_PATHS = NO;
				ASSETCATALOG_COMPILER_GENERATE_SWIFT_ASSET_SYMBOL_EXTENSIONS = YES;
				CLANG_ANALYZER_NONNULL = YES;
				CLANG_ANALYZER_NUMBER_OBJECT_CONVERSION = YES_AGGRESSIVE;
				CLANG_CXX_LANGUAGE_STANDARD = "gnu++20";
				CLANG_ENABLE_MODULES = YES;
				CLANG_ENABLE_OBJC_ARC = YES;
				CLANG_ENABLE_OBJC_WEAK = YES;
				CLANG_WARN_BLOCK_CAPTURE_AUTORELEASING = YES;
				CLANG_WARN_BOOL_CONVERSION = YES;
				CLANG_WARN_COMMA = YES;
				CLANG_WARN_CONSTANT_CONVERSION = YES;
				CLANG_WARN_DEPRECATED_OBJC_IMPLEMENTATIONS = YES;
				CLANG_WARN_DIRECT_OBJC_ISA_USAGE = YES_ERROR;
				CLANG_WARN_DOCUMENTATION_COMMENTS = YES;
				CLANG_WARN_EMPTY_BODY = YES;
				CLANG_WARN_ENUM_CONVERSION = YES;
				CLANG_WARN_INFINITE_RECURSION = YES;
				CLANG_WARN_INT_CONVERSION = YES;
				CLANG_WARN_NON_LITERAL_NULL_CONVERSION = YES;
				CLANG_WARN_OBJC_IMPLICIT_RETAIN_SELF = YES;
				CLANG_WARN_OBJC_LITERAL_CONVERSION = YES;
				CLANG_WARN_OBJC_ROOT_CLASS = YES_ERROR;
				CLANG_WARN_QUOTED_INCLUDE_IN_FRAMEWORK_HEADER = YES;
				CLANG_WARN_RANGE_LOOP_ANALYSIS = YES;
				CLANG_WARN_STRICT_PROTOTYPES = YES;
				CLANG_WARN_SUSPICIOUS_MOVE = YES;
				CLANG_WARN_UNGUARDED_AVAILABILITY = YES_AGGRESSIVE;
				CLANG_WARN_UNREACHABLE_CODE = YES;
				CLANG_WARN__DUPLICATE_METHOD_MATCH = YES;
				COPY_PHASE_STRIP = NO;
				DEBUG_INFORMATION_FORMAT = "dwarf-with-dsym";
				DEVELOPMENT_TEAM = 4SBQWPK44M;
				ENABLE_NS_ASSERTIONS = NO;
				ENABLE_STRICT_OBJC_MSGSEND = YES;
				ENABLE_USER_SCRIPT_SANDBOXING = YES;
				GCC_C_LANGUAGE_STANDARD = gnu17;
				GCC_NO_COMMON_BLOCKS = YES;
				GCC_WARN_64_TO_32_BIT_CONVERSION = YES;
				GCC_WARN_ABOUT_RETURN_TYPE = YES_ERROR;
				GCC_WARN_UNDECLARED_SELECTOR = YES;
				GCC_WARN_UNINITIALIZED_AUTOS = YES_AGGRESSIVE;
				GCC_WARN_UNUSED_FUNCTION = YES;
				GCC_WARN_UNUSED_VARIABLE = YES;
				LOCALIZATION_PREFERS_STRING_CATALOGS = YES;
				MTL_ENABLE_DEBUG_INFO = NO;
				MTL_FAST_MATH = YES;
				SWIFT_COMPILATION_MODE = wholemodule;
			};
			name = Release;
		};
		8E81D9A52E9316F300C9EA96 /* Debug */ = {
			isa = XCBuildConfiguration;
			buildSettings = {
				ASSETCATALOG_COMPILER_APPICON_NAME = AppIcon;
				ASSETCATALOG_COMPILER_GLOBAL_ACCENT_COLOR_NAME = AccentColor;
				CODE_SIGN_STYLE = Automatic;
				CURRENT_PROJECT_VERSION = 1;
				DEVELOPMENT_TEAM = 4SBQWPK44M;
				ENABLE_APP_SANDBOX = YES;
				ENABLE_HARDENED_RUNTIME = YES;
				ENABLE_PREVIEWS = YES;
				ENABLE_USER_SELECTED_FILES = readonly;
				GENERATE_INFOPLIST_FILE = YES;
				"INFOPLIST_KEY_UIApplicationSceneManifest_Generation[sdk=iphoneos*]" = YES;
				"INFOPLIST_KEY_UIApplicationSceneManifest_Generation[sdk=iphonesimulator*]" = YES;
				"INFOPLIST_KEY_UIApplicationSupportsIndirectInputEvents[sdk=iphoneos*]" = YES;
				"INFOPLIST_KEY_UIApplicationSupportsIndirectInputEvents[sdk=iphonesimulator*]" = YES;
				"INFOPLIST_KEY_UILaunchScreen_Generation[sdk=iphoneos*]" = YES;
				"INFOPLIST_KEY_UILaunchScreen_Generation[sdk=iphonesimulator*]" = YES;
				"INFOPLIST_KEY_UIStatusBarStyle[sdk=iphoneos*]" = UIStatusBarStyleDefault;
				"INFOPLIST_KEY_UIStatusBarStyle[sdk=iphonesimulator*]" = UIStatusBarStyleDefault;
				INFOPLIST_KEY_UISupportedInterfaceOrientations_iPad = "UIInterfaceOrientationPortrait UIInterfaceOrientationPortraitUpsideDown UIInterfaceOrientationLandscapeLeft UIInterfaceOrientationLandscapeRight";
				INFOPLIST_KEY_UISupportedInterfaceOrientations_iPhone = "UIInterfaceOrientationPortrait UIInterfaceOrientationLandscapeLeft UIInterfaceOrientationLandscapeRight";
				IPHONEOS_DEPLOYMENT_TARGET = 26.0;
				LD_RUNPATH_SEARCH_PATHS = "@executable_path/Frameworks";
				"LD_RUNPATH_SEARCH_PATHS[sdk=macosx*]" = "@executable_path/../Frameworks";
				MACOSX_DEPLOYMENT_TARGET = 15.6;
				MARKETING_VERSION = 1.0;
				PRODUCT_BUNDLE_IDENTIFIER = com.auguste.DailyQuoteWidget;
				PRODUCT_NAME = "$(TARGET_NAME)";
				REGISTER_APP_GROUPS = YES;
				SDKROOT = auto;
				STRING_CATALOG_GENERATE_SYMBOLS = YES;
				SUPPORTED_PLATFORMS = "iphoneos iphonesimulator macosx xros xrsimulator";
				SWIFT_APPROACHABLE_CONCURRENCY = YES;
				SWIFT_DEFAULT_ACTOR_ISOLATION = MainActor;
				SWIFT_EMIT_LOC_STRINGS = YES;
				SWIFT_UPCOMING_FEATURE_MEMBER_IMPORT_VISIBILITY = YES;
				SWIFT_VERSION = 5.0;
				TARGETED_DEVICE_FAMILY = "1,2,7";
				XROS_DEPLOYMENT_TARGET = 26.0;
			};
			name = Debug;
		};
		8E81D9A62E9316F300C9EA96 /* Release */ = {
			isa = XCBuildConfiguration;
			buildSettings = {
				ASSETCATALOG_COMPILER_APPICON_NAME = AppIcon;
				ASSETCATALOG_COMPILER_GLOBAL_ACCENT_COLOR_NAME = AccentColor;
				CODE_SIGN_STYLE = Automatic;
				CURRENT_PROJECT_VERSION = 1;
				DEVELOPMENT_TEAM = 4SBQWPK44M;
				ENABLE_APP_SANDBOX = YES;
				ENABLE_HARDENED_RUNTIME = YES;
				ENABLE_PREVIEWS = YES;
				ENABLE_USER_SELECTED_FILES = readonly;
				GENERATE_INFOPLIST_FILE = YES;
				"INFOPLIST_KEY_UIApplicationSceneManifest_Generation[sdk=iphoneos*]" = YES;
				"INFOPLIST_KEY_UIApplicationSceneManifest_Generation[sdk=iphonesimulator*]" = YES;
				"INFOPLIST_KEY_UIApplicationSupportsIndirectInputEvents[sdk=iphoneos*]" = YES;
				"INFOPLIST_KEY_UIApplicationSupportsIndirectInputEvents[sdk=iphonesimulator*]" = YES;
				"INFOPLIST_KEY_UILaunchScreen_Generation[sdk=iphoneos*]" = YES;
				"INFOPLIST_KEY_UILaunchScreen_Generation[sdk=iphonesimulator*]" = YES;
				"INFOPLIST_KEY_UIStatusBarStyle[sdk=iphoneos*]" = UIStatusBarStyleDefault;
				"INFOPLIST_KEY_UIStatusBarStyle[sdk=iphonesimulator*]" = UIStatusBarStyleDefault;
				INFOPLIST_KEY_UISupportedInterfaceOrientations_iPad = "UIInterfaceOrientationPortrait UIInterfaceOrientationPortraitUpsideDown UIInterfaceOrientationLandscapeLeft UIInterfaceOrientationLandscapeRight";
				INFOPLIST_KEY_UISupportedInterfaceOrientations_iPhone = "UIInterfaceOrientationPortrait UIInterfaceOrientationLandscapeLeft UIInterfaceOrientationLandscapeRight";
				IPHONEOS_DEPLOYMENT_TARGET = 26.0;
				LD_RUNPATH_SEARCH_PATHS = "@executable_path/Frameworks";
				"LD_RUNPATH_SEARCH_PATHS[sdk=macosx*]" = "@executable_path/../Frameworks";
				MACOSX_DEPLOYMENT_TARGET = 15.6;
				MARKETING_VERSION = 1.0;
				PRODUCT_BUNDLE_IDENTIFIER = com.auguste.DailyQuoteWidget;
				PRODUCT_NAME = "$(TARGET_NAME)";
				REGISTER_APP_GROUPS = YES;
				SDKROOT = auto;
				STRING_CATALOG_GENERATE_SYMBOLS = YES;
				SUPPORTED_PLATFORMS = "iphoneos iphonesimulator macosx xros xrsimulator";
				SWIFT_APPROACHABLE_CONCURRENCY = YES;
				SWIFT_DEFAULT_ACTOR_ISOLATION = MainActor;
				SWIFT_EMIT_LOC_STRINGS = YES;
				SWIFT_UPCOMING_FEATURE_MEMBER_IMPORT_VISIBILITY = YES;
				SWIFT_VERSION = 5.0;
				TARGETED_DEVICE_FAMILY = "1,2,7";
				XROS_DEPLOYMENT_TARGET = 26.0;
			};
			name = Release;
		};
		8E81D9BE2E931BD900C9EA96 /* Debug */ = {
			isa = XCBuildConfiguration;
			buildSettings = {
				ASSETCATALOG_COMPILER_GLOBAL_ACCENT_COLOR_NAME = AccentColor;
				ASSETCATALOG_COMPILER_WIDGET_BACKGROUND_COLOR_NAME = WidgetBackground;
				CODE_SIGN_STYLE = Automatic;
				CURRENT_PROJECT_VERSION = 1;
				DEVELOPMENT_TEAM = 4SBQWPK44M;
				GENERATE_INFOPLIST_FILE = YES;
				INFOPLIST_FILE = DailyQuoteWidgetExtension/Info.plist;
				INFOPLIST_KEY_CFBundleDisplayName = DailyQuoteWidgetExtension;
				INFOPLIST_KEY_NSHumanReadableCopyright = "";
				IPHONEOS_DEPLOYMENT_TARGET = 26.0;
				LD_RUNPATH_SEARCH_PATHS = (
					"$(inherited)",
					"@executable_path/Frameworks",
					"@executable_path/../../Frameworks",
				);
				MARKETING_VERSION = 1.0;
				PRODUCT_BUNDLE_IDENTIFIER = com.auguste.DailyQuoteWidget.DailyQuoteWidgetExtension;
				PRODUCT_NAME = "$(TARGET_NAME)";
				SDKROOT = iphoneos;
				SKIP_INSTALL = YES;
				STRING_CATALOG_GENERATE_SYMBOLS = YES;
				SWIFT_APPROACHABLE_CONCURRENCY = YES;
				SWIFT_EMIT_LOC_STRINGS = YES;
				SWIFT_UPCOMING_FEATURE_MEMBER_IMPORT_VISIBILITY = YES;
				SWIFT_VERSION = 5.0;
				TARGETED_DEVICE_FAMILY = "1,2";
			};
			name = Debug;
		};
		8E81D9BF2E931BD900C9EA96 /* Release */ = {
			isa = XCBuildConfiguration;
			buildSettings = {
				ASSETCATALOG_COMPILER_GLOBAL_ACCENT_COLOR_NAME = AccentColor;
				ASSETCATALOG_COMPILER_WIDGET_BACKGROUND_COLOR_NAME = WidgetBackground;
				CODE_SIGN_STYLE = Automatic;
				CURRENT_PROJECT_VERSION = 1;
				DEVELOPMENT_TEAM = 4SBQWPK44M;
				GENERATE_INFOPLIST_FILE = YES;
				INFOPLIST_FILE = DailyQuoteWidgetExtension/Info.plist;
				INFOPLIST_KEY_CFBundleDisplayName = DailyQuoteWidgetExtension;
				INFOPLIST_KEY_NSHumanReadableCopyright = "";
				IPHONEOS_DEPLOYMENT_TARGET = 26.0;
				LD_RUNPATH_SEARCH_PATHS = (
					"$(inherited)",
					"@executable_path/Frameworks",
					"@executable_path/../../Frameworks",
				);
				MARKETING_VERSION = 1.0;
				PRODUCT_BUNDLE_IDENTIFIER = com.auguste.DailyQuoteWidget.DailyQuoteWidgetExtension;
				PRODUCT_NAME = "$(TARGET_NAME)";
				SDKROOT = iphoneos;
				SKIP_INSTALL = YES;
				STRING_CATALOG_GENERATE_SYMBOLS = YES;
				SWIFT_APPROACHABLE_CONCURRENCY = YES;
				SWIFT_EMIT_LOC_STRINGS = YES;
				SWIFT_UPCOMING_FEATURE_MEMBER_IMPORT_VISIBILITY = YES;
				SWIFT_VERSION = 5.0;
				TARGETED_DEVICE_FAMILY = "1,2";
				VALIDATE_PRODUCT = YES;
			};
			name = Release;
		};
/* End XCBuildConfiguration section */

/* Begin XCConfigurationList section */
		8E81D9942E9316F200C9EA96 /* Build configuration list for PBXProject "DailyQuoteWidget" */ = {
			isa = XCConfigurationList;
			buildConfigurations = (
				8E81D9A22E9316F300C9EA96 /* Debug */,
				8E81D9A32E9316F300C9EA96 /* Release */,
			);
			defaultConfigurationIsVisible = 0;
			defaultConfigurationName = Release;
		};
		8E81D9A42E9316F300C9EA96 /* Build configuration list for PBXNativeTarget "DailyQuoteWidget" */ = {
			isa = XCConfigurationList;
			buildConfigurations = (
				8E81D9A52E9316F300C9EA96 /* Debug */,
				8E81D9A62E9316F300C9EA96 /* Release */,
			);
			defaultConfigurationIsVisible = 0;
			defaultConfigurationName = Release;
		};
		8E81D9BD2E931BD900C9EA96 /* Build configuration list for PBXNativeTarget "DailyQuoteWidgetExtensionExtension" */ = {
			isa = XCConfigurationList;
			buildConfigurations = (
				8E81D9BE2E931BD900C9EA96 /* Debug */,
				8E81D9BF2E931BD900C9EA96 /* Release */,
			);
			defaultConfigurationIsVisible = 0;
			defaultConfigurationName = Release;
		};
/* End XCConfigurationList section */
	};
	rootObject = 8E81D9912E9316F200C9EA96 /* Project object */;
}
